
Microsoft Visual Studio Solution File, Format Version 12.00
# Visual Studio Version 17
VisualStudioVersion = 17.2.32526.322
MinimumVisualStudioVersion = 10.0.40219.1
Project("{FAE04EC0-301F-11D3-BF4B-00C04F79EFBC}") = "HTQLSpa", "HTQLSpa.csproj", "{7743D3A5-7744-4C6D-BC00-8049D3E80D1A}"
EndProject
Global
	GlobalSection(SolutionConfigurationPlatforms) = preSolution
		Debug|Any CPU = Debug|Any CPU
		Release|Any CPU = Release|Any CPU
	EndGlobalSection
	GlobalSection(ProjectConfigurationPlatforms) = postSolution
		{7743D3A5-7744-4C6D-BC00-8049D3E80D1A}.Debug|Any CPU.ActiveCfg = Debug|Any CPU
		{7743D3A5-7744-4C6D-BC00-8049D3E80D1A}.Debug|Any CPU.Build.0 = Debug|Any CPU
		{7743D3A5-7744-4C6D-BC00-8049D3E80D1A}.Release|Any CPU.ActiveCfg = Release|Any CPU
		{7743D3A5-7744-4C6D-BC00-8049D3E80D1A}.Release|Any CPU.Build.0 = Release|Any CPU
	EndGlobalSection
	GlobalSection(SolutionProperties) = preSolution
		HideSolutionNode = FALSE
	EndGlobalSection
	GlobalSection(ExtensibilityGlobals) = postSolution
		SolutionGuid = {787EFA9B-DE3B-44DB-A3E0-5643F817BB22}
	EndGlobalSection
EndGlobal
